
Microsoft Visual Studio Solution File, Format Version 12.00
# Visual Studio Version 17
VisualStudioVersion = 17.5.33516.290
MinimumVisualStudioVersion = 10.0.40219.1
Project("{FAE04EC0-301F-11D3-BF4B-00C04F79EFBC}") = "ArrayList_y_List", "ArrayList_y_List\ArrayList_y_List.csproj", "{6A67CC37-6C40-4C5C-8047-88C150AC1FC7}"
EndProject
Global
	GlobalSection(SolutionConfigurationPlatforms) = preSolution
		Debug|Any CPU = Debug|Any CPU
		Release|Any CPU = Release|Any CPU
	EndGlobalSection
	GlobalSection(ProjectConfigurationPlatforms) = postSolution
		{6A67CC37-6C40-4C5C-8047-88C150AC1FC7}.Debug|Any CPU.ActiveCfg = Debug|Any CPU
		{6A67CC37-6C40-4C5C-8047-88C150AC1FC7}.Debug|Any CPU.Build.0 = Debug|Any CPU
		{6A67CC37-6C40-4C5C-8047-88C150AC1FC7}.Release|Any CPU.ActiveCfg = Release|Any CPU
		{6A67CC37-6C40-4C5C-8047-88C150AC1FC7}.Release|Any CPU.Build.0 = Release|Any CPU
	EndGlobalSection
	GlobalSection(SolutionProperties) = preSolution
		HideSolutionNode = FALSE
	EndGlobalSection
	GlobalSection(ExtensibilityGlobals) = postSolution
		SolutionGuid = {474F78BA-4D98-4599-BA2C-28B9C4443DB1}
	EndGlobalSection
EndGlobal
